
Microsoft Visual Studio Solution File, Format Version 12.00
# Visual Studio Version 16
VisualStudioVersion = 16.0.30523.141
MinimumVisualStudioVersion = 10.0.40219.1
Project("{9A19103F-16F7-4668-BE54-9A1E7A4F7556}") = "LinkedListNode_01", "LinkedListNode_01\LinkedListNode_01.csproj", "{8ACA8042-A7AF-4C03-8874-822280281E14}"
EndProject
Project("{9A19103F-16F7-4668-BE54-9A1E7A4F7556}") = "21_Merge_Two_Sorted_Lists", "21_Merge_Two_Sorted_Lists\21_Merge_Two_Sorted_Lists.csproj", "{2C6CBFFF-F691-4DD3-B1AF-96613A82DA9D}"
EndProject
Project("{9A19103F-16F7-4668-BE54-9A1E7A4F7556}") = "Stack_01", "Stack_01\Stack_01.csproj", "{EEAFC6A3-DD1C-4CD1-B3AB-53DEE37E876F}"
EndProject
Project("{9A19103F-16F7-4668-BE54-9A1E7A4F7556}") = "Char_01", "Char_01\Char_01.csproj", "{40BF1C24-9F70-4617-9C21-E149684B6277}"
EndProject
Project("{9A19103F-16F7-4668-BE54-9A1E7A4F7556}") = "14_Longest_Common_Prefix", "14_Longest_Common_Prefix\14_Longest_Common_Prefix.csproj", "{99A63241-103F-4A2E-A058-6DDCEF7FEBB9}"
EndProject
Project("{9A19103F-16F7-4668-BE54-9A1E7A4F7556}") = "26_Remove_Duplicates_from_Sorted_Array", "26_Remove_Duplicates_from_Sorted_Array\26_Remove_Duplicates_from_Sorted_Array.csproj", "{CA795A6B-E1D0-4731-A2C0-156453D82A21}"
EndProject
Project("{9A19103F-16F7-4668-BE54-9A1E7A4F7556}") = "1_Two_Sum", "1_Two_Sum\1_Two_Sum.csproj", "{D2A01B4A-F35E-4B69-AA80-118C8ED8307C}"
EndProject
Project("{9A19103F-16F7-4668-BE54-9A1E7A4F7556}") = "53_Maximum_Subarray", "53_Maximum_Subarray\53_Maximum_Subarray.csproj", "{2396A243-2142-4724-960B-431AE3E13114}"
EndProject
Project("{9A19103F-16F7-4668-BE54-9A1E7A4F7556}") = "937_Reorder_Data_in_Log_Files", "937_Reorder_Data_in_Log_Files\937_Reorder_Data_in_Log_Files.csproj", "{9D51DD35-18AA-4076-BC88-53236FA6713E}"
EndProject
Project("{9A19103F-16F7-4668-BE54-9A1E7A4F7556}") = "27_Remove_Element", "27_Remove_Element\27_Remove_Element.csproj", "{45BA1F22-4DEB-4B77-850B-73AA5275528B}"
EndProject
Project("{FAE04EC0-301F-11D3-BF4B-00C04F79EFBC}") = "1822_Sign_of_the_Product_of_an_Array", "1822_Sign_of_the_Product_of_an_Array\1822_Sign_of_the_Product_of_an_Array.csproj", "{CC24B456-0DFA-425B-9480-C6B43D13B81C}"
EndProject
Project("{FAE04EC0-301F-11D3-BF4B-00C04F79EFBC}") = "28_Implement_strStr()", "28_Implement_strStr()\28_Implement_strStr().csproj", "{1B7AF674-2952-465F-924C-A0D5CD851D12}"
EndProject
Project("{FAE04EC0-301F-11D3-BF4B-00C04F79EFBC}") = "58_Length_of_Last_Word", "58_Length_of_Last_Word\58_Length_of_Last_Word.csproj", "{4B2C8BD0-9479-4848-BB69-701A52B9A8B5}"
EndProject
Project("{FAE04EC0-301F-11D3-BF4B-00C04F79EFBC}") = "35_Search_Insert_Position", "35_Search_Insert_Position\35_Search_Insert_Position.csproj", "{F6A031BF-CF17-4815-AB0F-503ED0EE4CD0}"
EndProject
Project("{FAE04EC0-301F-11D3-BF4B-00C04F79EFBC}") = "66_Plus_One", "66_Plus_One\66_Plus_One.csproj", "{241C95C8-3BA6-465A-92A8-5BC43D575FBA}"
EndProject
Project("{FAE04EC0-301F-11D3-BF4B-00C04F79EFBC}") = "83_Remove_Duplicates_from_Sorted_List", "83_Remove_Duplicates_from_Sorted_List\83_Remove_Duplicates_from_Sorted_List.csproj", "{E80BCD2D-9BBB-4833-816B-9A223E199237}"
EndProject
Global
	GlobalSection(SolutionConfigurationPlatforms) = preSolution
		Debug|Any CPU = Debug|Any CPU
		Release|Any CPU = Release|Any CPU
	EndGlobalSection
	GlobalSection(ProjectConfigurationPlatforms) = postSolution
		{8ACA8042-A7AF-4C03-8874-822280281E14}.Debug|Any CPU.ActiveCfg = Debug|Any CPU
		{8ACA8042-A7AF-4C03-8874-822280281E14}.Debug|Any CPU.Build.0 = Debug|Any CPU
		{8ACA8042-A7AF-4C03-8874-822280281E14}.Release|Any CPU.ActiveCfg = Release|Any CPU
		{8ACA8042-A7AF-4C03-8874-822280281E14}.Release|Any CPU.Build.0 = Release|Any CPU
		{2C6CBFFF-F691-4DD3-B1AF-96613A82DA9D}.Debug|Any CPU.ActiveCfg = Debug|Any CPU
		{2C6CBFFF-F691-4DD3-B1AF-96613A82DA9D}.Debug|Any CPU.Build.0 = Debug|Any CPU
		{2C6CBFFF-F691-4DD3-B1AF-96613A82DA9D}.Release|Any CPU.ActiveCfg = Release|Any CPU
		{2C6CBFFF-F691-4DD3-B1AF-96613A82DA9D}.Release|Any CPU.Build.0 = Release|Any CPU
		{EEAFC6A3-DD1C-4CD1-B3AB-53DEE37E876F}.Debug|Any CPU.ActiveCfg = Debug|Any CPU
		{EEAFC6A3-DD1C-4CD1-B3AB-53DEE37E876F}.Debug|Any CPU.Build.0 = Debug|Any CPU
		{EEAFC6A3-DD1C-4CD1-B3AB-53DEE37E876F}.Release|Any CPU.ActiveCfg = Release|Any CPU
		{EEAFC6A3-DD1C-4CD1-B3AB-53DEE37E876F}.Release|Any CPU.Build.0 = Release|Any CPU
		{40BF1C24-9F70-4617-9C21-E149684B6277}.Debug|Any CPU.ActiveCfg = Debug|Any CPU
		{40BF1C24-9F70-4617-9C21-E149684B6277}.Debug|Any CPU.Build.0 = Debug|Any CPU
		{40BF1C24-9F70-4617-9C21-E149684B6277}.Release|Any CPU.ActiveCfg = Release|Any CPU
		{40BF1C24-9F70-4617-9C21-E149684B6277}.Release|Any CPU.Build.0 = Release|Any CPU
		{99A63241-103F-4A2E-A058-6DDCEF7FEBB9}.Debug|Any CPU.ActiveCfg = Debug|Any CPU
		{99A63241-103F-4A2E-A058-6DDCEF7FEBB9}.Debug|Any CPU.Build.0 = Debug|Any CPU
		{99A63241-103F-4A2E-A058-6DDCEF7FEBB9}.Release|Any CPU.ActiveCfg = Release|Any CPU
		{99A63241-103F-4A2E-A058-6DDCEF7FEBB9}.Release|Any CPU.Build.0 = Release|Any CPU
		{CA795A6B-E1D0-4731-A2C0-156453D82A21}.Debug|Any CPU.ActiveCfg = Debug|Any CPU
		{CA795A6B-E1D0-4731-A2C0-156453D82A21}.Debug|Any CPU.Build.0 = Debug|Any CPU
		{CA795A6B-E1D0-4731-A2C0-156453D82A21}.Release|Any CPU.ActiveCfg = Release|Any CPU
		{CA795A6B-E1D0-4731-A2C0-156453D82A21}.Release|Any CPU.Build.0 = Release|Any CPU
		{D2A01B4A-F35E-4B69-AA80-118C8ED8307C}.Debug|Any CPU.ActiveCfg = Debug|Any CPU
		{D2A01B4A-F35E-4B69-AA80-118C8ED8307C}.Debug|Any CPU.Build.0 = Debug|Any CPU
		{D2A01B4A-F35E-4B69-AA80-118C8ED8307C}.Release|Any CPU.ActiveCfg = Release|Any CPU
		{D2A01B4A-F35E-4B69-AA80-118C8ED8307C}.Release|Any CPU.Build.0 = Release|Any CPU
		{2396A243-2142-4724-960B-431AE3E13114}.Debug|Any CPU.ActiveCfg = Debug|Any CPU
		{2396A243-2142-4724-960B-431AE3E13114}.Debug|Any CPU.Build.0 = Debug|Any CPU
		{2396A243-2142-4724-960B-431AE3E13114}.Release|Any CPU.ActiveCfg = Release|Any CPU
		{2396A243-2142-4724-960B-431AE3E13114}.Release|Any CPU.Build.0 = Release|Any CPU
		{9D51DD35-18AA-4076-BC88-53236FA6713E}.Debug|Any CPU.ActiveCfg = Debug|Any CPU
		{9D51DD35-18AA-4076-BC88-53236FA6713E}.Debug|Any CPU.Build.0 = Debug|Any CPU
		{9D51DD35-18AA-4076-BC88-53236FA6713E}.Release|Any CPU.ActiveCfg = Release|Any CPU
		{9D51DD35-18AA-4076-BC88-53236FA6713E}.Release|Any CPU.Build.0 = Release|Any CPU
		{45BA1F22-4DEB-4B77-850B-73AA5275528B}.Debug|Any CPU.ActiveCfg = Debug|Any CPU
		{45BA1F22-4DEB-4B77-850B-73AA5275528B}.Debug|Any CPU.Build.0 = Debug|Any CPU
		{45BA1F22-4DEB-4B77-850B-73AA5275528B}.Release|Any CPU.ActiveCfg = Release|Any CPU
		{45BA1F22-4DEB-4B77-850B-73AA5275528B}.Release|Any CPU.Build.0 = Release|Any CPU
		{CC24B456-0DFA-425B-9480-C6B43D13B81C}.Debug|Any CPU.ActiveCfg = Debug|Any CPU
		{CC24B456-0DFA-425B-9480-C6B43D13B81C}.Debug|Any CPU.Build.0 = Debug|Any CPU
		{CC24B456-0DFA-425B-9480-C6B43D13B81C}.Release|Any CPU.ActiveCfg = Release|Any CPU
		{CC24B456-0DFA-425B-9480-C6B43D13B81C}.Release|Any CPU.Build.0 = Release|Any CPU
		{1B7AF674-2952-465F-924C-A0D5CD851D12}.Debug|Any CPU.ActiveCfg = Debug|Any CPU
		{1B7AF674-2952-465F-924C-A0D5CD851D12}.Debug|Any CPU.Build.0 = Debug|Any CPU
		{1B7AF674-2952-465F-924C-A0D5CD851D12}.Release|Any CPU.ActiveCfg = Release|Any CPU
		{1B7AF674-2952-465F-924C-A0D5CD851D12}.Release|Any CPU.Build.0 = Release|Any CPU
		{4B2C8BD0-9479-4848-BB69-701A52B9A8B5}.Debug|Any CPU.ActiveCfg = Debug|Any CPU
		{4B2C8BD0-9479-4848-BB69-701A52B9A8B5}.Debug|Any CPU.Build.0 = Debug|Any CPU
		{4B2C8BD0-9479-4848-BB69-701A52B9A8B5}.Release|Any CPU.ActiveCfg = Release|Any CPU
		{4B2C8BD0-9479-4848-BB69-701A52B9A8B5}.Release|Any CPU.Build.0 = Release|Any CPU
		{F6A031BF-CF17-4815-AB0F-503ED0EE4CD0}.Debug|Any CPU.ActiveCfg = Debug|Any CPU
		{F6A031BF-CF17-4815-AB0F-503ED0EE4CD0}.Debug|Any CPU.Build.0 = Debug|Any CPU
		{F6A031BF-CF17-4815-AB0F-503ED0EE4CD0}.Release|Any CPU.ActiveCfg = Release|Any CPU
		{F6A031BF-CF17-4815-AB0F-503ED0EE4CD0}.Release|Any CPU.Build.0 = Release|Any CPU
		{241C95C8-3BA6-465A-92A8-5BC43D575FBA}.Debug|Any CPU.ActiveCfg = Debug|Any CPU
		{241C95C8-3BA6-465A-92A8-5BC43D575FBA}.Debug|Any CPU.Build.0 = Debug|Any CPU
		{241C95C8-3BA6-465A-92A8-5BC43D575FBA}.Release|Any CPU.ActiveCfg = Release|Any CPU
		{241C95C8-3BA6-465A-92A8-5BC43D575FBA}.Release|Any CPU.Build.0 = Release|Any CPU
		{E80BCD2D-9BBB-4833-816B-9A223E199237}.Debug|Any CPU.ActiveCfg = Debug|Any CPU
		{E80BCD2D-9BBB-4833-816B-9A223E199237}.Debug|Any CPU.Build.0 = Debug|Any CPU
		{E80BCD2D-9BBB-4833-816B-9A223E199237}.Release|Any CPU.ActiveCfg = Release|Any CPU
		{E80BCD2D-9BBB-4833-816B-9A223E199237}.Release|Any CPU.Build.0 = Release|Any CPU
	EndGlobalSection
	GlobalSection(SolutionProperties) = preSolution
		HideSolutionNode = FALSE
	EndGlobalSection
	GlobalSection(ExtensibilityGlobals) = postSolution
		SolutionGuid = {7B206930-2097-4AEF-941A-D58911696A9F}
	EndGlobalSection
EndGlobal
